
Microsoft Visual Studio Solution File, Format Version 12.00
# Visual Studio Version 16
VisualStudioVersion = 16.0.29418.71
MinimumVisualStudioVersion = 10.0.40219.1
Project("{FAE04EC0-301F-11D3-BF4B-00C04F79EFBC}") = "Tyrannotorrent", "Tyrannotorrent\Tyrannotorrent.csproj", "{586A536B-6890-4DD9-A442-1F85F6CF452D}"
EndProject
Global
	GlobalSection(SolutionConfigurationPlatforms) = preSolution
		Debug|Any CPU = Debug|Any CPU
		Release|Any CPU = Release|Any CPU
		Stats|Any CPU = Stats|Any CPU
	EndGlobalSection
	GlobalSection(ProjectConfigurationPlatforms) = postSolution
		{586A536B-6890-4DD9-A442-1F85F6CF452D}.Debug|Any CPU.ActiveCfg = Debug|Any CPU
		{586A536B-6890-4DD9-A442-1F85F6CF452D}.Debug|Any CPU.Build.0 = Debug|Any CPU
		{586A536B-6890-4DD9-A442-1F85F6CF452D}.Release|Any CPU.ActiveCfg = Release|Any CPU
		{586A536B-6890-4DD9-A442-1F85F6CF452D}.Release|Any CPU.Build.0 = Release|Any CPU
		{586A536B-6890-4DD9-A442-1F85F6CF452D}.Stats|Any CPU.ActiveCfg = Release|Any CPU
		{586A536B-6890-4DD9-A442-1F85F6CF452D}.Stats|Any CPU.Build.0 = Release|Any CPU
	EndGlobalSection
	GlobalSection(SolutionProperties) = preSolution
		HideSolutionNode = FALSE
	EndGlobalSection
	GlobalSection(ExtensibilityGlobals) = postSolution
		SolutionGuid = {8D44D9E8-E167-4A70-AE45-7896953FCB7F}
	EndGlobalSection
EndGlobal
